// !$*UTF8*$!
{
	archiveVersion = 1;
	classes = {
	};
	objectVersion = 56;
	objects = {

/* Begin PBXBuildFile section */
		171C82FD2CB7EF3E004D7677 /* CropSUIApp.swift in Sources */ = {isa = PBXBuildFile; fileRef = 171C82FC2CB7EF3E004D7677 /* CropSUIApp.swift */; };
		171C82FF2CB7EF3E004D7677 /* ContentView.swift in Sources */ = {isa = PBXBuildFile; fileRef = 171C82FE2CB7EF3E004D7677 /* ContentView.swift */; };
		171C83012CB7EF3F004D7677 /* Assets.xcassets in Resources */ = {isa = PBXBuildFile; fileRef = 171C83002CB7EF3F004D7677 /* Assets.xcassets */; };
		171C83042CB7EF3F004D7677 /* Preview Assets.xcassets in Resources */ = {isa = PBXBuildFile; fileRef = 171C83032CB7EF3F004D7677 /* Preview Assets.xcassets */; };
		171C83102CB7F112004D7677 /* CustomImagePicker.swift in Sources */ = {isa = PBXBuildFile; fileRef = 171C830F2CB7F112004D7677 /* CustomImagePicker.swift */; };
		171C83122CB7F117004D7677 /* HomeView.swift in Sources */ = {isa = PBXBuildFile; fileRef = 171C83112CB7F117004D7677 /* HomeView.swift */; };
		171C83142CB7F15B004D7677 /* ImagePicker.swift in Sources */ = {isa = PBXBuildFile; fileRef = 171C83132CB7F15B004D7677 /* ImagePicker.swift */; };
		171C83172CB7F508004D7677 /* HomeViewModel.swift in Sources */ = {isa = PBXBuildFile; fileRef = 171C83162CB7F508004D7677 /* HomeViewModel.swift */; };
		171C83192CB7FC6F004D7677 /* CropView.swift in Sources */ = {isa = PBXBuildFile; fileRef = 171C83182CB7FC6F004D7677 /* CropView.swift */; };
		171C831E2CB85BFA004D7677 /* ImageRenderer.swift in Sources */ = {isa = PBXBuildFile; fileRef = 171C831D2CB85BFA004D7677 /* ImageRenderer.swift */; };
		171C83212CB873CF004D7677 /* CropViewModel.swift in Sources */ = {isa = PBXBuildFile; fileRef = 171C83202CB873CF004D7677 /* CropViewModel.swift */; };
		171C83302CB969F3004D7677 /* CircularIconButton.swift in Sources */ = {isa = PBXBuildFile; fileRef = 171C832F2CB969F3004D7677 /* CircularIconButton.swift */; };
/* End PBXBuildFile section */

/* Begin PBXFileReference section */
		171C82F92CB7EF3E004D7677 /* CropSUI.app */ = {isa = PBXFileReference; explicitFileType = wrapper.application; includeInIndex = 0; path = CropSUI.app; sourceTree = BUILT_PRODUCTS_DIR; };
		171C82FC2CB7EF3E004D7677 /* CropSUIApp.swift */ = {isa = PBXFileReference; lastKnownFileType = sourcecode.swift; path = CropSUIApp.swift; sourceTree = "<group>"; };
		171C82FE2CB7EF3E004D7677 /* ContentView.swift */ = {isa = PBXFileReference; lastKnownFileType = sourcecode.swift; path = ContentView.swift; sourceTree = "<group>"; };
		171C83002CB7EF3F004D7677 /* Assets.xcassets */ = {isa = PBXFileReference; lastKnownFileType = folder.assetcatalog; path = Assets.xcassets; sourceTree = "<group>"; };
		171C83032CB7EF3F004D7677 /* Preview Assets.xcassets */ = {isa = PBXFileReference; lastKnownFileType = folder.assetcatalog; path = "Preview Assets.xcassets"; sourceTree = "<group>"; };
		171C830F2CB7F112004D7677 /* CustomImagePicker.swift */ = {isa = PBXFileReference; fileEncoding = 4; lastKnownFileType = sourcecode.swift; path = CustomImagePicker.swift; sourceTree = "<group>"; };
		171C83112CB7F117004D7677 /* HomeView.swift */ = {isa = PBXFileReference; fileEncoding = 4; lastKnownFileType = sourcecode.swift; path = HomeView.swift; sourceTree = "<group>"; };
		171C83132CB7F15B004D7677 /* ImagePicker.swift */ = {isa = PBXFileReference; lastKnownFileType = sourcecode.swift; path = ImagePicker.swift; sourceTree = "<group>"; };
		171C83162CB7F508004D7677 /* HomeViewModel.swift */ = {isa = PBXFileReference; lastKnownFileType = sourcecode.swift; path = HomeViewModel.swift; sourceTree = "<group>"; };
		171C83182CB7FC6F004D7677 /* CropView.swift */ = {isa = PBXFileReference; lastKnownFileType = sourcecode.swift; path = CropView.swift; sourceTree = "<group>"; };
		171C831D2CB85BFA004D7677 /* ImageRenderer.swift */ = {isa = PBXFileReference; lastKnownFileType = sourcecode.swift; path = ImageRenderer.swift; sourceTree = "<group>"; };
		171C83202CB873CF004D7677 /* CropViewModel.swift */ = {isa = PBXFileReference; lastKnownFileType = sourcecode.swift; path = CropViewModel.swift; sourceTree = "<group>"; };
		171C832F2CB969F3004D7677 /* CircularIconButton.swift */ = {isa = PBXFileReference; lastKnownFileType = sourcecode.swift; path = CircularIconButton.swift; sourceTree = "<group>"; };
/* End PBXFileReference section */

/* Begin PBXFrameworksBuildPhase section */
		171C82F62CB7EF3E004D7677 /* Frameworks */ = {
			isa = PBXFrameworksBuildPhase;
			buildActionMask = 2147483647;
			files = (
			);
			runOnlyForDeploymentPostprocessing = 0;
		};
/* End PBXFrameworksBuildPhase section */

/* Begin PBXGroup section */
		171C82F02CB7EF3E004D7677 = {
			isa = PBXGroup;
			children = (
				171C82FB2CB7EF3E004D7677 /* CropSUI */,
				171C82FA2CB7EF3E004D7677 /* Products */,
			);
			sourceTree = "<group>";
		};
		171C82FA2CB7EF3E004D7677 /* Products */ = {
			isa = PBXGroup;
			children = (
				171C82F92CB7EF3E004D7677 /* CropSUI.app */,
			);
			name = Products;
			sourceTree = "<group>";
		};
		171C82FB2CB7EF3E004D7677 /* CropSUI */ = {
			isa = PBXGroup;
			children = (
				171C83152CB7F4FC004D7677 /* ViewModel */,
				171C830B2CB7F0EF004D7677 /* Views */,
				171C830A2CB7F001004D7677 /* App */,
				171C83002CB7EF3F004D7677 /* Assets.xcassets */,
				171C83022CB7EF3F004D7677 /* Preview Content */,
			);
			path = CropSUI;
			sourceTree = "<group>";
		};
		171C83022CB7EF3F004D7677 /* Preview Content */ = {
			isa = PBXGroup;
			children = (
				171C83032CB7EF3F004D7677 /* Preview Assets.xcassets */,
			);
			path = "Preview Content";
			sourceTree = "<group>";
		};
		171C830A2CB7F001004D7677 /* App */ = {
			isa = PBXGroup;
			children = (
				171C82FC2CB7EF3E004D7677 /* CropSUIApp.swift */,
				171C82FE2CB7EF3E004D7677 /* ContentView.swift */,
			);
			path = App;
			sourceTree = "<group>";
		};
		171C830B2CB7F0EF004D7677 /* Views */ = {
			isa = PBXGroup;
			children = (
				171C830F2CB7F112004D7677 /* CustomImagePicker.swift */,
				171C83112CB7F117004D7677 /* HomeView.swift */,
				171C83132CB7F15B004D7677 /* ImagePicker.swift */,
				171C83182CB7FC6F004D7677 /* CropView.swift */,
				171C831D2CB85BFA004D7677 /* ImageRenderer.swift */,
				171C832F2CB969F3004D7677 /* CircularIconButton.swift */,
			);
			path = Views;
			sourceTree = "<group>";
		};
		171C83152CB7F4FC004D7677 /* ViewModel */ = {
			isa = PBXGroup;
			children = (
				171C83162CB7F508004D7677 /* HomeViewModel.swift */,
				171C83202CB873CF004D7677 /* CropViewModel.swift */,
			);
			path = ViewModel;
			sourceTree = "<group>";
		};
/* End PBXGroup section */

/* Begin PBXNativeTarget section */
		171C82F82CB7EF3E004D7677 /* CropSUI */ = {
			isa = PBXNativeTarget;
			buildConfigurationList = 171C83072CB7EF3F004D7677 /* Build configuration list for PBXNativeTarget "CropSUI" */;
			buildPhases = (
				171C82F52CB7EF3E004D7677 /* Sources */,
				171C82F62CB7EF3E004D7677 /* Frameworks */,
				171C82F72CB7EF3E004D7677 /* Resources */,
			);
			buildRules = (
			);
			dependencies = (
			);
			name = CropSUI;
			productName = CropSUI;
			productReference = 171C82F92CB7EF3E004D7677 /* CropSUI.app */;
			productType = "com.apple.product-type.application";
		};
/* End PBXNativeTarget section */

/* Begin PBXProject section */
		171C82F12CB7EF3E004D7677 /* Project object */ = {
			isa = PBXProject;
			attributes = {
				BuildIndependentTargetsInParallel = 1;
				LastSwiftUpdateCheck = 1540;
				LastUpgradeCheck = 1540;
				TargetAttributes = {
					171C82F82CB7EF3E004D7677 = {
						CreatedOnToolsVersion = 15.4;
					};
				};
			};
			buildConfigurationList = 171C82F42CB7EF3E004D7677 /* Build configuration list for PBXProject "CropSUI" */;
			compatibilityVersion = "Xcode 14.0";
			developmentRegion = en;
			hasScannedForEncodings = 0;
			knownRegions = (
				en,
				Base,
			);
			mainGroup = 171C82F02CB7EF3E004D7677;
			productRefGroup = 171C82FA2CB7EF3E004D7677 /* Products */;
			projectDirPath = "";
			projectRoot = "";
			targets = (
				171C82F82CB7EF3E004D7677 /* CropSUI */,
			);
		};
/* End PBXProject section */

/* Begin PBXResourcesBuildPhase section */
		171C82F72CB7EF3E004D7677 /* Resources */ = {
			isa = PBXResourcesBuildPhase;
			buildActionMask = 2147483647;
			files = (
				171C83042CB7EF3F004D7677 /* Preview Assets.xcassets in Resources */,
				171C83012CB7EF3F004D7677 /* Assets.xcassets in Resources */,
			);
			runOnlyForDeploymentPostprocessing = 0;
		};
/* End PBXResourcesBuildPhase section */

/* Begin PBXSourcesBuildPhase section */
		171C82F52CB7EF3E004D7677 /* Sources */ = {
			isa = PBXSourcesBuildPhase;
			buildActionMask = 2147483647;
			files = (
				171C82FF2CB7EF3E004D7677 /* ContentView.swift in Sources */,
				171C83142CB7F15B004D7677 /* ImagePicker.swift in Sources */,
				171C83172CB7F508004D7677 /* HomeViewModel.swift in Sources */,
				171C83192CB7FC6F004D7677 /* CropView.swift in Sources */,
				171C83212CB873CF004D7677 /* CropViewModel.swift in Sources */,
				171C83302CB969F3004D7677 /* CircularIconButton.swift in Sources */,
				171C82FD2CB7EF3E004D7677 /* CropSUIApp.swift in Sources */,
				171C83102CB7F112004D7677 /* CustomImagePicker.swift in Sources */,
				171C831E2CB85BFA004D7677 /* ImageRenderer.swift in Sources */,
				171C83122CB7F117004D7677 /* HomeView.swift in Sources */,
			);
			runOnlyForDeploymentPostprocessing = 0;
		};
/* End PBXSourcesBuildPhase section */

/* Begin XCBuildConfiguration section */
		171C83052CB7EF3F004D7677 /* Debug */ = {
			isa = XCBuildConfiguration;
			buildSettings = {
				ALWAYS_SEARCH_USER_PATHS = NO;
				ASSETCATALOG_COMPILER_GENERATE_SWIFT_ASSET_SYMBOL_EXTENSIONS = YES;
				CLANG_ANALYZER_NONNULL = YES;
				CLANG_ANALYZER_NUMBER_OBJECT_CONVERSION = YES_AGGRESSIVE;
				CLANG_CXX_LANGUAGE_STANDARD = "gnu++20";
				CLANG_ENABLE_MODULES = YES;
				CLANG_ENABLE_OBJC_ARC = YES;
				CLANG_ENABLE_OBJC_WEAK = YES;
				CLANG_WARN_BLOCK_CAPTURE_AUTORELEASING = YES;
				CLANG_WARN_BOOL_CONVERSION = YES;
				CLANG_WARN_COMMA = YES;
				CLANG_WARN_CONSTANT_CONVERSION = YES;
				CLANG_WARN_DEPRECATED_OBJC_IMPLEMENTATIONS = YES;
				CLANG_WARN_DIRECT_OBJC_ISA_USAGE = YES_ERROR;
				CLANG_WARN_DOCUMENTATION_COMMENTS = YES;
				CLANG_WARN_EMPTY_BODY = YES;
				CLANG_WARN_ENUM_CONVERSION = YES;
				CLANG_WARN_INFINITE_RECURSION = YES;
				CLANG_WARN_INT_CONVERSION = YES;
				CLANG_WARN_NON_LITERAL_NULL_CONVERSION = YES;
				CLANG_WARN_OBJC_IMPLICIT_RETAIN_SELF = YES;
				CLANG_WARN_OBJC_LITERAL_CONVERSION = YES;
				CLANG_WARN_OBJC_ROOT_CLASS = YES_ERROR;
				CLANG_WARN_QUOTED_INCLUDE_IN_FRAMEWORK_HEADER = YES;
				CLANG_WARN_RANGE_LOOP_ANALYSIS = YES;
				CLANG_WARN_STRICT_PROTOTYPES = YES;
				CLANG_WARN_SUSPICIOUS_MOVE = YES;
				CLANG_WARN_UNGUARDED_AVAILABILITY = YES_AGGRESSIVE;
				CLANG_WARN_UNREACHABLE_CODE = YES;
				CLANG_WARN__DUPLICATE_METHOD_MATCH = YES;
				COPY_PHASE_STRIP = NO;
				DEBUG_INFORMATION_FORMAT = dwarf;
				ENABLE_STRICT_OBJC_MSGSEND = YES;
				ENABLE_TESTABILITY = YES;
				ENABLE_USER_SCRIPT_SANDBOXING = YES;
				GCC_C_LANGUAGE_STANDARD = gnu17;
				GCC_DYNAMIC_NO_PIC = NO;
				GCC_NO_COMMON_BLOCKS = YES;
				GCC_OPTIMIZATION_LEVEL = 0;
				GCC_PREPROCESSOR_DEFINITIONS = (
					"DEBUG=1",
					"$(inherited)",
				);
				GCC_WARN_64_TO_32_BIT_CONVERSION = YES;
				GCC_WARN_ABOUT_RETURN_TYPE = YES_ERROR;
				GCC_WARN_UNDECLARED_SELECTOR = YES;
				GCC_WARN_UNINITIALIZED_AUTOS = YES_AGGRESSIVE;
				GCC_WARN_UNUSED_FUNCTION = YES;
				GCC_WARN_UNUSED_VARIABLE = YES;
				IPHONEOS_DEPLOYMENT_TARGET = 15.0;
				LOCALIZATION_PREFERS_STRING_CATALOGS = YES;
				MTL_ENABLE_DEBUG_INFO = INCLUDE_SOURCE;
				MTL_FAST_MATH = YES;
				ONLY_ACTIVE_ARCH = YES;
				SDKROOT = iphoneos;
				SWIFT_ACTIVE_COMPILATION_CONDITIONS = "DEBUG $(inherited)";
				SWIFT_OPTIMIZATION_LEVEL = "-Onone";
			};
			name = Debug;
		};
		171C83062CB7EF3F004D7677 /* Release */ = {
			isa = XCBuildConfiguration;
			buildSettings = {
				ALWAYS_SEARCH_USER_PATHS = NO;
				ASSETCATALOG_COMPILER_GENERATE_SWIFT_ASSET_SYMBOL_EXTENSIONS = YES;
				CLANG_ANALYZER_NONNULL = YES;
				CLANG_ANALYZER_NUMBER_OBJECT_CONVERSION = YES_AGGRESSIVE;
				CLANG_CXX_LANGUAGE_STANDARD = "gnu++20";
				CLANG_ENABLE_MODULES = YES;
				CLANG_ENABLE_OBJC_ARC = YES;
				CLANG_ENABLE_OBJC_WEAK = YES;
				CLANG_WARN_BLOCK_CAPTURE_AUTORELEASING = YES;
				CLANG_WARN_BOOL_CONVERSION = YES;
				CLANG_WARN_COMMA = YES;
				CLANG_WARN_CONSTANT_CONVERSION = YES;
				CLANG_WARN_DEPRECATED_OBJC_IMPLEMENTATIONS = YES;
				CLANG_WARN_DIRECT_OBJC_ISA_USAGE = YES_ERROR;
				CLANG_WARN_DOCUMENTATION_COMMENTS = YES;
				CLANG_WARN_EMPTY_BODY = YES;
				CLANG_WARN_ENUM_CONVERSION = YES;
				CLANG_WARN_INFINITE_RECURSION = YES;
				CLANG_WARN_INT_CONVERSION = YES;
				CLANG_WARN_NON_LITERAL_NULL_CONVERSION = YES;
				CLANG_WARN_OBJC_IMPLICIT_RETAIN_SELF = YES;
				CLANG_WARN_OBJC_LITERAL_CONVERSION = YES;
				CLANG_WARN_OBJC_ROOT_CLASS = YES_ERROR;
				CLANG_WARN_QUOTED_INCLUDE_IN_FRAMEWORK_HEADER = YES;
				CLANG_WARN_RANGE_LOOP_ANALYSIS = YES;
				CLANG_WARN_STRICT_PROTOTYPES = YES;
				CLANG_WARN_SUSPICIOUS_MOVE = YES;
				CLANG_WARN_UNGUARDED_AVAILABILITY = YES_AGGRESSIVE;
				CLANG_WARN_UNREACHABLE_CODE = YES;
				CLANG_WARN__DUPLICATE_METHOD_MATCH = YES;
				COPY_PHASE_STRIP = NO;
				DEBUG_INFORMATION_FORMAT = "dwarf-with-dsym";
				ENABLE_NS_ASSERTIONS = NO;
				ENABLE_STRICT_OBJC_MSGSEND = YES;
				ENABLE_USER_SCRIPT_SANDBOXING = YES;
				GCC_C_LANGUAGE_STANDARD = gnu17;
				GCC_NO_COMMON_BLOCKS = YES;
				GCC_WARN_64_TO_32_BIT_CONVERSION = YES;
				GCC_WARN_ABOUT_RETURN_TYPE = YES_ERROR;
				GCC_WARN_UNDECLARED_SELECTOR = YES;
				GCC_WARN_UNINITIALIZED_AUTOS = YES_AGGRESSIVE;
				GCC_WARN_UNUSED_FUNCTION = YES;
				GCC_WARN_UNUSED_VARIABLE = YES;
				IPHONEOS_DEPLOYMENT_TARGET = 15.0;
				LOCALIZATION_PREFERS_STRING_CATALOGS = YES;
				MTL_ENABLE_DEBUG_INFO = NO;
				MTL_FAST_MATH = YES;
				SDKROOT = iphoneos;
				SWIFT_COMPILATION_MODE = wholemodule;
				VALIDATE_PRODUCT = YES;
			};
			name = Release;
		};
		171C83082CB7EF3F004D7677 /* Debug */ = {
			isa = XCBuildConfiguration;
			buildSettings = {
				ASSETCATALOG_COMPILER_APPICON_NAME = AppIcon;
				ASSETCATALOG_COMPILER_GLOBAL_ACCENT_COLOR_NAME = AccentColor;
				CODE_SIGN_STYLE = Automatic;
				CURRENT_PROJECT_VERSION = 1;
				DEVELOPMENT_ASSET_PATHS = "\"CropSUI/Preview Content\"";
				DEVELOPMENT_TEAM = 6CZNS4ZZ97;
				ENABLE_PREVIEWS = YES;
				GENERATE_INFOPLIST_FILE = YES;
				INFOPLIST_KEY_NSPhotoLibraryUsageDescription = "дай фотки плиз";
				INFOPLIST_KEY_UIApplicationSceneManifest_Generation = YES;
				INFOPLIST_KEY_UIApplicationSupportsIndirectInputEvents = YES;
				INFOPLIST_KEY_UILaunchScreen_Generation = YES;
				INFOPLIST_KEY_UISupportedInterfaceOrientations_iPad = "UIInterfaceOrientationPortrait UIInterfaceOrientationPortraitUpsideDown UIInterfaceOrientationLandscapeLeft UIInterfaceOrientationLandscapeRight";
				INFOPLIST_KEY_UISupportedInterfaceOrientations_iPhone = "UIInterfaceOrientationPortrait UIInterfaceOrientationLandscapeLeft UIInterfaceOrientationLandscapeRight";
				IPHONEOS_DEPLOYMENT_TARGET = 15.0;
				LD_RUNPATH_SEARCH_PATHS = (
					"$(inherited)",
					"@executable_path/Frameworks",
				);
				MARKETING_VERSION = 1.0;
				PRODUCT_BUNDLE_IDENTIFIER = com.salakhoff.com.CropSUI;
				PRODUCT_NAME = "$(TARGET_NAME)";
				SUPPORTED_PLATFORMS = "iphoneos iphonesimulator";
				SUPPORTS_MACCATALYST = NO;
				SUPPORTS_MAC_DESIGNED_FOR_IPHONE_IPAD = NO;
				SUPPORTS_XR_DESIGNED_FOR_IPHONE_IPAD = NO;
				SWIFT_EMIT_LOC_STRINGS = YES;
				SWIFT_VERSION = 5.0;
				TARGETED_DEVICE_FAMILY = 1;
			};
			name = Debug;
		};
		171C83092CB7EF3F004D7677 /* Release */ = {
			isa = XCBuildConfiguration;
			buildSettings = {
				ASSETCATALOG_COMPILER_APPICON_NAME = AppIcon;
				ASSETCATALOG_COMPILER_GLOBAL_ACCENT_COLOR_NAME = AccentColor;
				CODE_SIGN_STYLE = Automatic;
				CURRENT_PROJECT_VERSION = 1;
				DEVELOPMENT_ASSET_PATHS = "\"CropSUI/Preview Content\"";
				DEVELOPMENT_TEAM = 6CZNS4ZZ97;
				ENABLE_PREVIEWS = YES;
				GENERATE_INFOPLIST_FILE = YES;
				INFOPLIST_KEY_NSPhotoLibraryUsageDescription = "дай фотки плиз";
				INFOPLIST_KEY_UIApplicationSceneManifest_Generation = YES;
				INFOPLIST_KEY_UIApplicationSupportsIndirectInputEvents = YES;
				INFOPLIST_KEY_UILaunchScreen_Generation = YES;
				INFOPLIST_KEY_UISupportedInterfaceOrientations_iPad = "UIInterfaceOrientationPortrait UIInterfaceOrientationPortraitUpsideDown UIInterfaceOrientationLandscapeLeft UIInterfaceOrientationLandscapeRight";
				INFOPLIST_KEY_UISupportedInterfaceOrientations_iPhone = "UIInterfaceOrientationPortrait UIInterfaceOrientationLandscapeLeft UIInterfaceOrientationLandscapeRight";
				IPHONEOS_DEPLOYMENT_TARGET = 15.0;
				LD_RUNPATH_SEARCH_PATHS = (
					"$(inherited)",
					"@executable_path/Frameworks",
				);
				MARKETING_VERSION = 1.0;
				PRODUCT_BUNDLE_IDENTIFIER = com.salakhoff.com.CropSUI;
				PRODUCT_NAME = "$(TARGET_NAME)";
				SUPPORTED_PLATFORMS = "iphoneos iphonesimulator";
				SUPPORTS_MACCATALYST = NO;
				SUPPORTS_MAC_DESIGNED_FOR_IPHONE_IPAD = NO;
				SUPPORTS_XR_DESIGNED_FOR_IPHONE_IPAD = NO;
				SWIFT_EMIT_LOC_STRINGS = YES;
				SWIFT_VERSION = 5.0;
				TARGETED_DEVICE_FAMILY = 1;
			};
			name = Release;
		};
/* End XCBuildConfiguration section */

/* Begin XCConfigurationList section */
		171C82F42CB7EF3E004D7677 /* Build configuration list for PBXProject "CropSUI" */ = {
			isa = XCConfigurationList;
			buildConfigurations = (
				171C83052CB7EF3F004D7677 /* Debug */,
				171C83062CB7EF3F004D7677 /* Release */,
			);
			defaultConfigurationIsVisible = 0;
			defaultConfigurationName = Release;
		};
		171C83072CB7EF3F004D7677 /* Build configuration list for PBXNativeTarget "CropSUI" */ = {
			isa = XCConfigurationList;
			buildConfigurations = (
				171C83082CB7EF3F004D7677 /* Debug */,
				171C83092CB7EF3F004D7677 /* Release */,
			);
			defaultConfigurationIsVisible = 0;
			defaultConfigurationName = Release;
		};
/* End XCConfigurationList section */
	};
	rootObject = 171C82F12CB7EF3E004D7677 /* Project object */;
}
